# THIS IS AN AUTOGENERATED FILE. DO NOT EDIT THIS FILE DIRECTLY.
# yarn lockfile v1


browser-split@0.0.0:
  version "0.0.0"
  resolved "https://registry.yarnpkg.com/browser-split/-/browser-split-0.0.0.tgz#41419caef769755929dd518967d3eec0a6262771"
  integrity sha1-QUGcrvdpdVkp3VGJZ9PuwKYmJ3E=

class-list@~0.1.0, class-list@~0.1.1:
  version "0.1.1"
  resolved "https://registry.yarnpkg.com/class-list/-/class-list-0.1.1.tgz#9b9745192c4179b5da0a0d7633658e3c70d796cb"
  integrity sha1-m5dFGSxBebXaCg12M2WOPHDXlss=
  dependencies:
    indexof "0.0.1"

es6-promise@^4.2.8:
  version "4.2.8"
  resolved "https://registry.yarnpkg.com/es6-promise/-/es6-promise-4.2.8.tgz#4eb21594c972bc40553d276e510539143db53e0a"
  integrity sha512-HJDGx5daxeIvxdBxvG2cb9g4tEvwIk3i8+nhX0yGrYmZUzbkdg8QbDevheDB8gd0//uPj4c1EQua8Q+MViT0/w==

html-element@^2.0.0:
  version "2.3.0"
  resolved "https://registry.yarnpkg.com/html-element/-/html-element-2.3.0.tgz#0e5c1d979223b0febfbcacdeb56c75d1e9297de9"
  integrity sha512-axsAv89JAxk/zSSOn+jK5dJ1eAUVSkienyIcruAe/kD5skC/E/HxjFfCfNYv8+A9m7BXR9kfL4ZD1ZobUfUWzQ==
  dependencies:
    class-list "~0.1.1"

hyperscript@^2.0.2:
  version "2.0.2"
  resolved "https://registry.yarnpkg.com/hyperscript/-/hyperscript-2.0.2.tgz#3839cba45554bdfe27bb81c2142d1684f8135af5"
  integrity sha1-ODnLpFVUvf4nu4HCFC0WhPgTWvU=
  dependencies:
    browser-split "0.0.0"
    class-list "~0.1.0"
    html-element "^2.0.0"

indexof@0.0.1:
  version "0.0.1"
  resolved "https://registry.yarnpkg.com/indexof/-/indexof-0.0.1.tgz#82dc336d232b9062179d05ab3293a66059fd435d"
  integrity sha1-gtwzbSMrkGIXnQWrMpOmYFn9Q10=
